
Microsoft Visual Studio Solution File, Format Version 12.00
# Visual Studio Version 17
VisualStudioVersion = 17.0.31903.59
MinimumVisualStudioVersion = 10.0.40219.1
Project("{FAE04EC0-301F-11D3-BF4B-00C04F79EFBC}") = "BlogPersonal.Domain", "BlogPersonal.Domain\BlogPersonal.Domain.csproj", "{FB5290C4-30F1-4425-9A0A-DA420BC65275}"
EndProject
Project("{FAE04EC0-301F-11D3-BF4B-00C04F79EFBC}") = "BlogPersonal.Application", "BlogPersonal.Application\BlogPersonal.Application.csproj", "{AC534F16-1418-45BD-8665-E6AA6CAF6D6C}"
EndProject
Project("{FAE04EC0-301F-11D3-BF4B-00C04F79EFBC}") = "BlogPersonal.Infrastructure", "BlogPersonal.Infrastructure\BlogPersonal.Infrastructure.csproj", "{9F4D46E4-08CC-41A8-8808-69798AF8C0F4}"
EndProject
Project("{FAE04EC0-301F-11D3-BF4B-00C04F79EFBC}") = "BlogPersonal.API", "BlogPersonal.API\BlogPersonal.API.csproj", "{DF802C8C-8932-433C-95B4-2B60BA6F732A}"
EndProject
Global
	GlobalSection(SolutionConfigurationPlatforms) = preSolution
		Debug|Any CPU = Debug|Any CPU
		Debug|x64 = Debug|x64
		Debug|x86 = Debug|x86
		Release|Any CPU = Release|Any CPU
		Release|x64 = Release|x64
		Release|x86 = Release|x86
	EndGlobalSection
	GlobalSection(ProjectConfigurationPlatforms) = postSolution
		{FB5290C4-30F1-4425-9A0A-DA420BC65275}.Debug|Any CPU.ActiveCfg = Debug|Any CPU
		{FB5290C4-30F1-4425-9A0A-DA420BC65275}.Debug|Any CPU.Build.0 = Debug|Any CPU
		{FB5290C4-30F1-4425-9A0A-DA420BC65275}.Debug|x64.ActiveCfg = Debug|Any CPU
		{FB5290C4-30F1-4425-9A0A-DA420BC65275}.Debug|x64.Build.0 = Debug|Any CPU
		{FB5290C4-30F1-4425-9A0A-DA420BC65275}.Debug|x86.ActiveCfg = Debug|Any CPU
		{FB5290C4-30F1-4425-9A0A-DA420BC65275}.Debug|x86.Build.0 = Debug|Any CPU
		{FB5290C4-30F1-4425-9A0A-DA420BC65275}.Release|Any CPU.ActiveCfg = Release|Any CPU
		{FB5290C4-30F1-4425-9A0A-DA420BC65275}.Release|Any CPU.Build.0 = Release|Any CPU
		{FB5290C4-30F1-4425-9A0A-DA420BC65275}.Release|x64.ActiveCfg = Release|Any CPU
		{FB5290C4-30F1-4425-9A0A-DA420BC65275}.Release|x64.Build.0 = Release|Any CPU
		{FB5290C4-30F1-4425-9A0A-DA420BC65275}.Release|x86.ActiveCfg = Release|Any CPU
		{FB5290C4-30F1-4425-9A0A-DA420BC65275}.Release|x86.Build.0 = Release|Any CPU
		{AC534F16-1418-45BD-8665-E6AA6CAF6D6C}.Debug|Any CPU.ActiveCfg = Debug|Any CPU
		{AC534F16-1418-45BD-8665-E6AA6CAF6D6C}.Debug|Any CPU.Build.0 = Debug|Any CPU
		{AC534F16-1418-45BD-8665-E6AA6CAF6D6C}.Debug|x64.ActiveCfg = Debug|Any CPU
		{AC534F16-1418-45BD-8665-E6AA6CAF6D6C}.Debug|x64.Build.0 = Debug|Any CPU
		{AC534F16-1418-45BD-8665-E6AA6CAF6D6C}.Debug|x86.ActiveCfg = Debug|Any CPU
		{AC534F16-1418-45BD-8665-E6AA6CAF6D6C}.Debug|x86.Build.0 = Debug|Any CPU
		{AC534F16-1418-45BD-8665-E6AA6CAF6D6C}.Release|Any CPU.ActiveCfg = Release|Any CPU
		{AC534F16-1418-45BD-8665-E6AA6CAF6D6C}.Release|Any CPU.Build.0 = Release|Any CPU
		{AC534F16-1418-45BD-8665-E6AA6CAF6D6C}.Release|x64.ActiveCfg = Release|Any CPU
		{AC534F16-1418-45BD-8665-E6AA6CAF6D6C}.Release|x64.Build.0 = Release|Any CPU
		{AC534F16-1418-45BD-8665-E6AA6CAF6D6C}.Release|x86.ActiveCfg = Release|Any CPU
		{AC534F16-1418-45BD-8665-E6AA6CAF6D6C}.Release|x86.Build.0 = Release|Any CPU
		{9F4D46E4-08CC-41A8-8808-69798AF8C0F4}.Debug|Any CPU.ActiveCfg = Debug|Any CPU
		{9F4D46E4-08CC-41A8-8808-69798AF8C0F4}.Debug|Any CPU.Build.0 = Debug|Any CPU
		{9F4D46E4-08CC-41A8-8808-69798AF8C0F4}.Debug|x64.ActiveCfg = Debug|Any CPU
		{9F4D46E4-08CC-41A8-8808-69798AF8C0F4}.Debug|x64.Build.0 = Debug|Any CPU
		{9F4D46E4-08CC-41A8-8808-69798AF8C0F4}.Debug|x86.ActiveCfg = Debug|Any CPU
		{9F4D46E4-08CC-41A8-8808-69798AF8C0F4}.Debug|x86.Build.0 = Debug|Any CPU
		{9F4D46E4-08CC-41A8-8808-69798AF8C0F4}.Release|Any CPU.ActiveCfg = Release|Any CPU
		{9F4D46E4-08CC-41A8-8808-69798AF8C0F4}.Release|Any CPU.Build.0 = Release|Any CPU
		{9F4D46E4-08CC-41A8-8808-69798AF8C0F4}.Release|x64.ActiveCfg = Release|Any CPU
		{9F4D46E4-08CC-41A8-8808-69798AF8C0F4}.Release|x64.Build.0 = Release|Any CPU
		{9F4D46E4-08CC-41A8-8808-69798AF8C0F4}.Release|x86.ActiveCfg = Release|Any CPU
		{9F4D46E4-08CC-41A8-8808-69798AF8C0F4}.Release|x86.Build.0 = Release|Any CPU
		{DF802C8C-8932-433C-95B4-2B60BA6F732A}.Debug|Any CPU.ActiveCfg = Debug|Any CPU
		{DF802C8C-8932-433C-95B4-2B60BA6F732A}.Debug|Any CPU.Build.0 = Debug|Any CPU
		{DF802C8C-8932-433C-95B4-2B60BA6F732A}.Debug|x64.ActiveCfg = Debug|Any CPU
		{DF802C8C-8932-433C-95B4-2B60BA6F732A}.Debug|x64.Build.0 = Debug|Any CPU
		{DF802C8C-8932-433C-95B4-2B60BA6F732A}.Debug|x86.ActiveCfg = Debug|Any CPU
		{DF802C8C-8932-433C-95B4-2B60BA6F732A}.Debug|x86.Build.0 = Debug|Any CPU
		{DF802C8C-8932-433C-95B4-2B60BA6F732A}.Release|Any CPU.ActiveCfg = Release|Any CPU
		{DF802C8C-8932-433C-95B4-2B60BA6F732A}.Release|Any CPU.Build.0 = Release|Any CPU
		{DF802C8C-8932-433C-95B4-2B60BA6F732A}.Release|x64.ActiveCfg = Release|Any CPU
		{DF802C8C-8932-433C-95B4-2B60BA6F732A}.Release|x64.Build.0 = Release|Any CPU
		{DF802C8C-8932-433C-95B4-2B60BA6F732A}.Release|x86.ActiveCfg = Release|Any CPU
		{DF802C8C-8932-433C-95B4-2B60BA6F732A}.Release|x86.Build.0 = Release|Any CPU
	EndGlobalSection
	GlobalSection(SolutionProperties) = preSolution
		HideSolutionNode = FALSE
	EndGlobalSection
EndGlobal
